{
  "pins" : [
    {
      "identity" : "mecab-swift",
      "kind" : "remoteSourceControl",
      "location" : "https://github.com/shinjukunian/Mecab-Swift.git",
      "state" : {
        "revision" : "1f096492e37fc05fc2e7304091f54889974c5368",
        "version" : "0.8.0"
      }
    },
    {
      "identity" : "purchases-ios",
      "kind" : "remoteSourceControl",
      "location" : "https://github.com/RevenueCat/purchases-ios.git",
      "state" : {
        "revision" : "e89cb027a472e5cf1c15435c4e690b9a3c170cdc",
        "version" : "5.80.0"
      }
    },
    {
      "identity" : "zipfoundation",
      "kind" : "remoteSourceControl",
      "location" : "https://github.com/weichsel/ZIPFoundation.git",
      "state" : {
        "revision" : "22787ffb59de99e5dc1fbfe80b19c97a904ad48d",
        "version" : "0.9.20"
      }
    }
  ],
  "version" : 2
}
